// !$*UTF8*$!
{
	archiveVersion = 1;
	classes = {
	};
	objectVersion = 77;
	objects = {

/* Begin PBXBuildFile section */
		0346C9F590613AB5CB6C1E3D /* BaseItem+Display.swift in Sources */ = {isa = PBXBuildFile; fileRef = DAAF6B2B272369449545C438 /* BaseItem+Display.swift */; };
		0D0CA0345E4A74BF8FE9F719 /* NextEpisodeResolver.swift in Sources */ = {isa = PBXBuildFile; fileRef = DC2DD1DDE2D15D08E86B6B40 /* NextEpisodeResolver.swift */; };
		0D5AE8561E62DE2D3608A018 /* PlaybackDecision in Frameworks */ = {isa = PBXBuildFile; productRef = 4E3E98F3E08D62C8955E5978 /* PlaybackDecision */; };
		0E2B207E29F6400C402ACE89 /* ItemDetailView.swift in Sources */ = {isa = PBXBuildFile; fileRef = 416868697ED7414A01B87524 /* ItemDetailView.swift */; };
		124C82907BBD94ADB7C49301 /* Localizable.strings in Resources */ = {isa = PBXBuildFile; fileRef = FD5965262AFFC5AAD2C6D1D7 /* Localizable.strings */; };
		14761B5F74B6986F3F5FB1BB /* RealServerTour.swift in Sources */ = {isa = PBXBuildFile; fileRef = 3A00AE11657CD504B4F18A4E /* RealServerTour.swift */; };
		183296E38F4D9B728FF957E8 /* SeriesViewModel.swift in Sources */ = {isa = PBXBuildFile; fileRef = 89B1D0100CA2CD2BF867C12E /* SeriesViewModel.swift */; };
		1895A60D396D99FEC36DC5A3 /* SeriesDetailView.swift in Sources */ = {isa = PBXBuildFile; fileRef = 10FBC2EA01D02A933EE83078 /* SeriesDetailView.swift */; };
		1B076CEA3939EA0695878098 /* OnboardingFlow.swift in Sources */ = {isa = PBXBuildFile; fileRef = 7BAB0DEEA5BC68511209F16E /* OnboardingFlow.swift */; };
		1C003AF42A9BF1AAFCB210F7 /* ImagePipeline.swift in Sources */ = {isa = PBXBuildFile; fileRef = 8AA522E8BB7EEAD5C0B8D31E /* ImagePipeline.swift */; };
		1E50B1ACD036DD6C3B93D627 /* InfoPlist.strings in Resources */ = {isa = PBXBuildFile; fileRef = 17CAF0AB79571606E191477A /* InfoPlist.strings */; };
		204098D5A2764CFFEC05FC5D /* SubtitleLoader.swift in Sources */ = {isa = PBXBuildFile; fileRef = F5B05B53E1B4CCB42ECB8B19 /* SubtitleLoader.swift */; };
		273BFCC7A49F8EF3521D371A /* ItemDetailViewModel.swift in Sources */ = {isa = PBXBuildFile; fileRef = C6CCF274D255EBF9616E3F7E /* ItemDetailViewModel.swift */; };
		2C4DD0F809AF94249E94234B /* AdvancedPlaybackEngine.swift in Sources */ = {isa = PBXBuildFile; fileRef = 3A5666CEC39B4ED51E5257DC /* AdvancedPlaybackEngine.swift */; };
		37550D7DE71BBDD2E162F7C0 /* MPVKit in Frameworks */ = {isa = PBXBuildFile; productRef = 9468506F9B50759B0ED1D232 /* MPVKit */; };
		3B1B6DC0F21EACF280675EC5 /* MockServerTour.swift in Sources */ = {isa = PBXBuildFile; fileRef = 52C78B34927AEDED297619B9 /* MockServerTour.swift */; };
		3E65E454E22B53F28A1F663F /* Navigation.swift in Sources */ = {isa = PBXBuildFile; fileRef = 2B0103EFF808E44AD16E1E42 /* Navigation.swift */; };
		42709FBBFF9EAFE8136D406A /* DebugViews.swift in Sources */ = {isa = PBXBuildFile; fileRef = A7498772A5B88BD874A28FB1 /* DebugViews.swift */; };
		463AC47E8122FAB838D45230 /* HomeViewModel.swift in Sources */ = {isa = PBXBuildFile; fileRef = 079FD83B4BA6A670232823AD /* HomeViewModel.swift */; };
		4ADE96AAD9F959779CCE0CEF /* IntegrationTests.swift in Sources */ = {isa = PBXBuildFile; fileRef = 9B4D362459D499FBC8768DA1 /* IntegrationTests.swift */; };
		4F46C1ED06C3A1AE8B0E18CE /* JellyfinKit in Frameworks */ = {isa = PBXBuildFile; productRef = 7253B1768A99EB3EF57EFDED /* JellyfinKit */; };
		52B5433A384D2AA47255F40C /* HomeView.swift in Sources */ = {isa = PBXBuildFile; fileRef = 422E779F5B7E95CA3A4EA591 /* HomeView.swift */; };
		54D3A7F58042A95F8450CD3D /* NativePlaybackEngine.swift in Sources */ = {isa = PBXBuildFile; fileRef = 40D107C53CA1F920B6D1B1E7 /* NativePlaybackEngine.swift */; };
		615B0D8624C6A0AB1C63402A /* DeviceCapabilityProbe.swift in Sources */ = {isa = PBXBuildFile; fileRef = 12A62FC983C13930B0083E8F /* DeviceCapabilityProbe.swift */; };
		638D52111DB44FAC360DE1F4 /* AppEnvironment.swift in Sources */ = {isa = PBXBuildFile; fileRef = C1BADDF75E4B66B94DA73C6E /* AppEnvironment.swift */; };
		68447C1D17E73BB7A830B7E2 /* RemoteInputView.swift in Sources */ = {isa = PBXBuildFile; fileRef = A9E81A38558BD0E741A8FF2A /* RemoteInputView.swift */; };
		6A74F487A727D84E861C1B85 /* Preferences.swift in Sources */ = {isa = PBXBuildFile; fileRef = 97489B146456C0771AF8EBA2 /* Preferences.swift */; };
		72CB8F92DDA7BD6155071AD1 /* VelaApp.swift in Sources */ = {isa = PBXBuildFile; fileRef = 789862BF13686674B5EB72A3 /* VelaApp.swift */; };
		747BE28125425313EA4368EF /* OnboardingModel.swift in Sources */ = {isa = PBXBuildFile; fileRef = 615749BFCEA443565BAA6AE8 /* OnboardingModel.swift */; };
		751683979FD72F162F08E05C /* VelaFoundation in Frameworks */ = {isa = PBXBuildFile; productRef = 84144A16FC110C7C90AEBFA5 /* VelaFoundation */; };
		7EA649DEA0663377584DE4D5 /* Cards.swift in Sources */ = {isa = PBXBuildFile; fileRef = F82655893648EF7A7BC80C24 /* Cards.swift */; };
		838284209E2A7F2F4A0671BD /* FocusEffects.swift in Sources */ = {isa = PBXBuildFile; fileRef = 2F94ED618595046A449500D5 /* FocusEffects.swift */; };
		8954E115B949EA599DA1932A /* ErrorPresentation.swift in Sources */ = {isa = PBXBuildFile; fileRef = 08F0A401B53698C0B448CE5E /* ErrorPresentation.swift */; };
		8B12ABD15537BDA82CEF4AA4 /* RemoteMessageBanner.swift in Sources */ = {isa = PBXBuildFile; fileRef = 9E29689A6EEFF71E48ECADD9 /* RemoteMessageBanner.swift */; };
		8C8FBE0ECE2C468574769E30 /* VelaUITests.swift in Sources */ = {isa = PBXBuildFile; fileRef = 571BC208964F01F62C5B91CA /* VelaUITests.swift */; };
		8DDCB6E1A74C4193C81EC4FA /* RemoteImage.swift in Sources */ = {isa = PBXBuildFile; fileRef = 60D8DE0B2491C21F2A654672 /* RemoteImage.swift */; };
		8E646606B005251B5B7CF88A /* AppFoundationTests.swift in Sources */ = {isa = PBXBuildFile; fileRef = 9F12B5690A731387A06BDA4F /* AppFoundationTests.swift */; };
		8E9A857D6630E3F65677543F /* PlaybackDecision in Frameworks */ = {isa = PBXBuildFile; productRef = BE3F2AEE1025ED8EDEBD522B /* PlaybackDecision */; };
		8ED1FBCA505DE164ECC82384 /* SearchView.swift in Sources */ = {isa = PBXBuildFile; fileRef = ED81E3763AE1615124D87A84 /* SearchView.swift */; };
		8F924901D4D15C3AE8213E15 /* AdvancedPlayerOverlay.swift in Sources */ = {isa = PBXBuildFile; fileRef = C2F5A459186EA3535DCFF173 /* AdvancedPlayerOverlay.swift */; };
		90D1FF2AE7AE66B23DEDA187 /* Theme.swift in Sources */ = {isa = PBXBuildFile; fileRef = 297DDE0123FC5FA95946EDBD /* Theme.swift */; };
		9A35CB408776BCAB73484BD9 /* RemoteControlService.swift in Sources */ = {isa = PBXBuildFile; fileRef = E34764EC45155922F40BE322 /* RemoteControlService.swift */; };
		9C6EDF76B2688A6F618B3CB9 /* PlaybackSessionReporter.swift in Sources */ = {isa = PBXBuildFile; fileRef = 5CD66FA01369761125E50CAE /* PlaybackSessionReporter.swift */; };
		A2B14D49E87D86354F7EA5B2 /* DebugURLPlayerScreen.swift in Sources */ = {isa = PBXBuildFile; fileRef = 1D423399652D7602825AF255 /* DebugURLPlayerScreen.swift */; };
		A39D7F3EBD2355C05FFA139D /* DeviceInfo.swift in Sources */ = {isa = PBXBuildFile; fileRef = DC7C838A6DF90786E7A6BF50 /* DeviceInfo.swift */; };
		A591830F448954367B34CF1B /* VelaFoundation in Frameworks */ = {isa = PBXBuildFile; productRef = 14D8ED5208B1E1F021C479CB /* VelaFoundation */; };
		AFEAFADFECC09C5029438188 /* UITestFixtures in Resources */ = {isa = PBXBuildFile; fileRef = E5673CFF046B7D5AC4F9AC4F /* UITestFixtures */; };
		B5A4E460A0CF756C8BA2E44B /* FixtureTransport.swift in Sources */ = {isa = PBXBuildFile; fileRef = 2FA3EE16B03B26776E73F222 /* FixtureTransport.swift */; };
		B7F0C9737284B66F49607A53 /* AppEnvironment+Playback.swift in Sources */ = {isa = PBXBuildFile; fileRef = 2C72234F6FB7FFFEA62369CA /* AppEnvironment+Playback.swift */; };
		B8A960027539E1276DC42A45 /* RemoteControlTests.swift in Sources */ = {isa = PBXBuildFile; fileRef = D96FEADB14582DC3192FB1B8 /* RemoteControlTests.swift */; };
		BB6B1F786621974CE21E00CF /* SettingsView.swift in Sources */ = {isa = PBXBuildFile; fileRef = 0BA435AC43373573824865F5 /* SettingsView.swift */; };
		BBF9404B4CF8D5E3AAA65673 /* RootView.swift in Sources */ = {isa = PBXBuildFile; fileRef = 4BB7217324F525FE0B7DFA85 /* RootView.swift */; };
		BC94FFFBC0E247043F9CAE3B /* AppEnvironment+RemoteControl.swift in Sources */ = {isa = PBXBuildFile; fileRef = FED913476D6F08C0980EF7EB /* AppEnvironment+RemoteControl.swift */; };
		BE5A31DB6628B4FB823F06A3 /* LibrariesModel.swift in Sources */ = {isa = PBXBuildFile; fileRef = C94726AA358E010E165312FB /* LibrariesModel.swift */; };
		C129E25B112B94060B92ABC3 /* PlaybackCoordinator.swift in Sources */ = {isa = PBXBuildFile; fileRef = 1A5E0C02B4AA9DA1602421D3 /* PlaybackCoordinator.swift */; };
		C4428173FB8C3BDCB940AB9D /* LibraryViewModel.swift in Sources */ = {isa = PBXBuildFile; fileRef = BDF3F5701310F0918844202C /* LibraryViewModel.swift */; };
		C4F4E80374EBDC8C9E3AD78B /* PlaybackCoordinatorTests.swift in Sources */ = {isa = PBXBuildFile; fileRef = 4629E2767323C21DDA37C111 /* PlaybackCoordinatorTests.swift */; };
		CA2DCC32466C3CC8AB81A511 /* ItemImages.swift in Sources */ = {isa = PBXBuildFile; fileRef = 0605D00ECD9280D7B4122AF1 /* ItemImages.swift */; };
		CDFF52A753F63448DA1181A1 /* VelaFoundationErrorBridge.swift in Sources */ = {isa = PBXBuildFile; fileRef = DEFAEF269373AA04A963C52E /* VelaFoundationErrorBridge.swift */; };
		D3D738DF4FD7A4DCB6D5E2E9 /* LibraryView.swift in Sources */ = {isa = PBXBuildFile; fileRef = F953C5F1D43C77AC489B6B09 /* LibraryView.swift */; };
		D441542495DA9479EE4094CC /* PlayerScreen.swift in Sources */ = {isa = PBXBuildFile; fileRef = 5D625497259CD48A404934AA /* PlayerScreen.swift */; };
		D8546D85680BE488C5193A35 /* Primitives.swift in Sources */ = {isa = PBXBuildFile; fileRef = D1A15545BEF439A22511B42D /* Primitives.swift */; };
		DDB70EE94B166DC37AD3D256 /* L10n.swift in Sources */ = {isa = PBXBuildFile; fileRef = 2682F18FB262896DC2D4AE5F /* L10n.swift */; };
		E01493D71978276936349669 /* KeychainStore.swift in Sources */ = {isa = PBXBuildFile; fileRef = 5F131BAF212C26228E2B8CF2 /* KeychainStore.swift */; };
		E1909318D1EE78505A1FCE3C /* SubtitleOverlayView.swift in Sources */ = {isa = PBXBuildFile; fileRef = 47B54BA20EEE095D412F5131 /* SubtitleOverlayView.swift */; };
		E5D481CEEBB27F6199854F98 /* PlaybackEngine.swift in Sources */ = {isa = PBXBuildFile; fileRef = 6033006C7ECB0D81D364136C /* PlaybackEngine.swift */; };
		E94BDE4E2C34D21F1E2FC769 /* SessionStore.swift in Sources */ = {isa = PBXBuildFile; fileRef = AE18AE127B8CB692D5187835 /* SessionStore.swift */; };
		EBF1D0A166B809FC4509890A /* JellyfinKit in Frameworks */ = {isa = PBXBuildFile; productRef = B294A7046D740C1969423E8F /* JellyfinKit */; };
		EC46E099FCB16AEEDDBB99B5 /* AVPlayerDiagnostics.swift in Sources */ = {isa = PBXBuildFile; fileRef = 1F6377AE5C906C3691A1A9F5 /* AVPlayerDiagnostics.swift */; };
		ED1F725016FB5255C4884D56 /* AppLog.swift in Sources */ = {isa = PBXBuildFile; fileRef = F4B49BAEBCE1DADE7DBC7F9F /* AppLog.swift */; };
		EF22D988389224DBB8937340 /* Assets.xcassets in Resources */ = {isa = PBXBuildFile; fileRef = 06C3337ACED2B2DC57D7FF2B /* Assets.xcassets */; };
		F10AB10A9B93C93CB18AE9D9 /* MPVController.swift in Sources */ = {isa = PBXBuildFile; fileRef = B2485AA7D8ECD54ACDFBC904 /* MPVController.swift */; };
		F254902EE74AE7039A6B0607 /* ServerAccount.swift in Sources */ = {isa = PBXBuildFile; fileRef = 798111E5AEBDEFB8C45AEF22 /* ServerAccount.swift */; };
		FA3FD4C517ACABA632D6048D /* DisplayCriteriaController.swift in Sources */ = {isa = PBXBuildFile; fileRef = 2C2581A919F30717F821F953 /* DisplayCriteriaController.swift */; };
/* End PBXBuildFile section */

/* Begin PBXContainerItemProxy section */
		3A1F5677571FEAEEC349EA44 /* PBXContainerItemProxy */ = {
			isa = PBXContainerItemProxy;
			containerPortal = 7FD476A6B78E6892F5E407ED /* Project object */;
			proxyType = 1;
			remoteGlobalIDString = 887543FE98EDDB51C0D26FB2;
			remoteInfo = Vela;
		};
		8C5F3BDC5D93B805FF1C37BA /* PBXContainerItemProxy */ = {
			isa = PBXContainerItemProxy;
			containerPortal = 7FD476A6B78E6892F5E407ED /* Project object */;
			proxyType = 1;
			remoteGlobalIDString = 887543FE98EDDB51C0D26FB2;
			remoteInfo = Vela;
		};
/* End PBXContainerItemProxy section */

/* Begin PBXFileReference section */
		0605D00ECD9280D7B4122AF1 /* ItemImages.swift */ = {isa = PBXFileReference; lastKnownFileType = sourcecode.swift; path = ItemImages.swift; sourceTree = "<group>"; };
		06C3337ACED2B2DC57D7FF2B /* Assets.xcassets */ = {isa = PBXFileReference; lastKnownFileType = folder.assetcatalog; path = Assets.xcassets; sourceTree = "<group>"; };
		079FD83B4BA6A670232823AD /* HomeViewModel.swift */ = {isa = PBXFileReference; lastKnownFileType = sourcecode.swift; path = HomeViewModel.swift; sourceTree = "<group>"; };
		08F0A401B53698C0B448CE5E /* ErrorPresentation.swift */ = {isa = PBXFileReference; lastKnownFileType = sourcecode.swift; path = ErrorPresentation.swift; sourceTree = "<group>"; };
		0BA435AC43373573824865F5 /* SettingsView.swift */ = {isa = PBXFileReference; lastKnownFileType = sourcecode.swift; path = SettingsView.swift; sourceTree = "<group>"; };
		0EEA3733DAA6951BD72BD5A8 /* VelaUITests.xctest */ = {isa = PBXFileReference; includeInIndex = 0; lastKnownFileType = wrapper.cfbundle; path = VelaUITests.xctest; sourceTree = BUILT_PRODUCTS_DIR; };
		10FBC2EA01D02A933EE83078 /* SeriesDetailView.swift */ = {isa = PBXFileReference; lastKnownFileType = sourcecode.swift; path = SeriesDetailView.swift; sourceTree = "<group>"; };
		12A62FC983C13930B0083E8F /* DeviceCapabilityProbe.swift */ = {isa = PBXFileReference; lastKnownFileType = sourcecode.swift; path = DeviceCapabilityProbe.swift; sourceTree = "<group>"; };
		17CAF0AB79571606E191477A /* InfoPlist.strings */ = {isa = PBXFileReference; lastKnownFileType = text.plist.strings; name = InfoPlist.strings; path = de.lproj/InfoPlist.strings; sourceTree = "<group>"; };
		1A5E0C02B4AA9DA1602421D3 /* PlaybackCoordinator.swift */ = {isa = PBXFileReference; lastKnownFileType = sourcecode.swift; path = PlaybackCoordinator.swift; sourceTree = "<group>"; };
		1D423399652D7602825AF255 /* DebugURLPlayerScreen.swift */ = {isa = PBXFileReference; lastKnownFileType = sourcecode.swift; path = DebugURLPlayerScreen.swift; sourceTree = "<group>"; };
		1F6377AE5C906C3691A1A9F5 /* AVPlayerDiagnostics.swift */ = {isa = PBXFileReference; lastKnownFileType = sourcecode.swift; path = AVPlayerDiagnostics.swift; sourceTree = "<group>"; };
		2682F18FB262896DC2D4AE5F /* L10n.swift */ = {isa = PBXFileReference; lastKnownFileType = sourcecode.swift; path = L10n.swift; sourceTree = "<group>"; };
		297DDE0123FC5FA95946EDBD /* Theme.swift */ = {isa = PBXFileReference; lastKnownFileType = sourcecode.swift; path = Theme.swift; sourceTree = "<group>"; };
		2B0103EFF808E44AD16E1E42 /* Navigation.swift */ = {isa = PBXFileReference; lastKnownFileType = sourcecode.swift; path = Navigation.swift; sourceTree = "<group>"; };
		2C2581A919F30717F821F953 /* DisplayCriteriaController.swift */ = {isa = PBXFileReference; lastKnownFileType = sourcecode.swift; path = DisplayCriteriaController.swift; sourceTree = "<group>"; };
		2C72234F6FB7FFFEA62369CA /* AppEnvironment+Playback.swift */ = {isa = PBXFileReference; lastKnownFileType = sourcecode.swift; path = "AppEnvironment+Playback.swift"; sourceTree = "<group>"; };
		2F94ED618595046A449500D5 /* FocusEffects.swift */ = {isa = PBXFileReference; lastKnownFileType = sourcecode.swift; path = FocusEffects.swift; sourceTree = "<group>"; };
		2FA3EE16B03B26776E73F222 /* FixtureTransport.swift */ = {isa = PBXFileReference; lastKnownFileType = sourcecode.swift; path = FixtureTransport.swift; sourceTree = "<group>"; };
		3A00AE11657CD504B4F18A4E /* RealServerTour.swift */ = {isa = PBXFileReference; lastKnownFileType = sourcecode.swift; path = RealServerTour.swift; sourceTree = "<group>"; };
		3A5666CEC39B4ED51E5257DC /* AdvancedPlaybackEngine.swift */ = {isa = PBXFileReference; lastKnownFileType = sourcecode.swift; path = AdvancedPlaybackEngine.swift; sourceTree = "<group>"; };
		40D107C53CA1F920B6D1B1E7 /* NativePlaybackEngine.swift */ = {isa = PBXFileReference; lastKnownFileType = sourcecode.swift; path = NativePlaybackEngine.swift; sourceTree = "<group>"; };
		416868697ED7414A01B87524 /* ItemDetailView.swift */ = {isa = PBXFileReference; lastKnownFileType = sourcecode.swift; path = ItemDetailView.swift; sourceTree = "<group>"; };
		422E779F5B7E95CA3A4EA591 /* HomeView.swift */ = {isa = PBXFileReference; lastKnownFileType = sourcecode.swift; path = HomeView.swift; sourceTree = "<group>"; };
		4629E2767323C21DDA37C111 /* PlaybackCoordinatorTests.swift */ = {isa = PBXFileReference; lastKnownFileType = sourcecode.swift; path = PlaybackCoordinatorTests.swift; sourceTree = "<group>"; };
		47B54BA20EEE095D412F5131 /* SubtitleOverlayView.swift */ = {isa = PBXFileReference; lastKnownFileType = sourcecode.swift; path = SubtitleOverlayView.swift; sourceTree = "<group>"; };
		4BB7217324F525FE0B7DFA85 /* RootView.swift */ = {isa = PBXFileReference; lastKnownFileType = sourcecode.swift; path = RootView.swift; sourceTree = "<group>"; };
		52C78B34927AEDED297619B9 /* MockServerTour.swift */ = {isa = PBXFileReference; lastKnownFileType = sourcecode.swift; path = MockServerTour.swift; sourceTree = "<group>"; };
		571BC208964F01F62C5B91CA /* VelaUITests.swift */ = {isa = PBXFileReference; lastKnownFileType = sourcecode.swift; path = VelaUITests.swift; sourceTree = "<group>"; };
		5CD66FA01369761125E50CAE /* PlaybackSessionReporter.swift */ = {isa = PBXFileReference; lastKnownFileType = sourcecode.swift; path = PlaybackSessionReporter.swift; sourceTree = "<group>"; };
		5D625497259CD48A404934AA /* PlayerScreen.swift */ = {isa = PBXFileReference; lastKnownFileType = sourcecode.swift; path = PlayerScreen.swift; sourceTree = "<group>"; };
		5F131BAF212C26228E2B8CF2 /* KeychainStore.swift */ = {isa = PBXFileReference; lastKnownFileType = sourcecode.swift; path = KeychainStore.swift; sourceTree = "<group>"; };
		6033006C7ECB0D81D364136C /* PlaybackEngine.swift */ = {isa = PBXFileReference; lastKnownFileType = sourcecode.swift; path = PlaybackEngine.swift; sourceTree = "<group>"; };
		60D8DE0B2491C21F2A654672 /* RemoteImage.swift */ = {isa = PBXFileReference; lastKnownFileType = sourcecode.swift; path = RemoteImage.swift; sourceTree = "<group>"; };
		615749BFCEA443565BAA6AE8 /* OnboardingModel.swift */ = {isa = PBXFileReference; lastKnownFileType = sourcecode.swift; path = OnboardingModel.swift; sourceTree = "<group>"; };
		7705698E1ACDDBC3AE2195C5 /* en */ = {isa = PBXFileReference; lastKnownFileType = text.plist.strings; name = en; path = en.lproj/Localizable.strings; sourceTree = "<group>"; };
		789862BF13686674B5EB72A3 /* VelaApp.swift */ = {isa = PBXFileReference; lastKnownFileType = sourcecode.swift; path = VelaApp.swift; sourceTree = "<group>"; };
		798111E5AEBDEFB8C45AEF22 /* ServerAccount.swift */ = {isa = PBXFileReference; lastKnownFileType = sourcecode.swift; path = ServerAccount.swift; sourceTree = "<group>"; };
		7BAB0DEEA5BC68511209F16E /* OnboardingFlow.swift */ = {isa = PBXFileReference; lastKnownFileType = sourcecode.swift; path = OnboardingFlow.swift; sourceTree = "<group>"; };
		80B0C55F664BE5F59A670B2E /* de */ = {isa = PBXFileReference; lastKnownFileType = text.plist.strings; name = de; path = de.lproj/Localizable.strings; sourceTree = "<group>"; };
		89B1D0100CA2CD2BF867C12E /* SeriesViewModel.swift */ = {isa = PBXFileReference; lastKnownFileType = sourcecode.swift; path = SeriesViewModel.swift; sourceTree = "<group>"; };
		8AA522E8BB7EEAD5C0B8D31E /* ImagePipeline.swift */ = {isa = PBXFileReference; lastKnownFileType = sourcecode.swift; path = ImagePipeline.swift; sourceTree = "<group>"; };
		97489B146456C0771AF8EBA2 /* Preferences.swift */ = {isa = PBXFileReference; lastKnownFileType = sourcecode.swift; path = Preferences.swift; sourceTree = "<group>"; };
		9B4D362459D499FBC8768DA1 /* IntegrationTests.swift */ = {isa = PBXFileReference; lastKnownFileType = sourcecode.swift; path = IntegrationTests.swift; sourceTree = "<group>"; };
		9E29689A6EEFF71E48ECADD9 /* RemoteMessageBanner.swift */ = {isa = PBXFileReference; lastKnownFileType = sourcecode.swift; path = RemoteMessageBanner.swift; sourceTree = "<group>"; };
		9F12B5690A731387A06BDA4F /* AppFoundationTests.swift */ = {isa = PBXFileReference; lastKnownFileType = sourcecode.swift; path = AppFoundationTests.swift; sourceTree = "<group>"; };
		A7498772A5B88BD874A28FB1 /* DebugViews.swift */ = {isa = PBXFileReference; lastKnownFileType = sourcecode.swift; path = DebugViews.swift; sourceTree = "<group>"; };
		A9E81A38558BD0E741A8FF2A /* RemoteInputView.swift */ = {isa = PBXFileReference; lastKnownFileType = sourcecode.swift; path = RemoteInputView.swift; sourceTree = "<group>"; };
		AE18AE127B8CB692D5187835 /* SessionStore.swift */ = {isa = PBXFileReference; lastKnownFileType = sourcecode.swift; path = SessionStore.swift; sourceTree = "<group>"; };
		AF3017979382EA7A75F5642D /* VelaCore */ = {isa = PBXFileReference; lastKnownFileType = folder; name = VelaCore; path = Packages/VelaCore; sourceTree = SOURCE_ROOT; };
		B2485AA7D8ECD54ACDFBC904 /* MPVController.swift */ = {isa = PBXFileReference; lastKnownFileType = sourcecode.swift; path = MPVController.swift; sourceTree = "<group>"; };
		BDF3F5701310F0918844202C /* LibraryViewModel.swift */ = {isa = PBXFileReference; lastKnownFileType = sourcecode.swift; path = LibraryViewModel.swift; sourceTree = "<group>"; };
		C1078DFACB04854902CB04AA /* VelaTests.xctest */ = {isa = PBXFileReference; includeInIndex = 0; lastKnownFileType = wrapper.cfbundle; path = VelaTests.xctest; sourceTree = BUILT_PRODUCTS_DIR; };
		C1BADDF75E4B66B94DA73C6E /* AppEnvironment.swift */ = {isa = PBXFileReference; lastKnownFileType = sourcecode.swift; path = AppEnvironment.swift; sourceTree = "<group>"; };
		C2F5A459186EA3535DCFF173 /* AdvancedPlayerOverlay.swift */ = {isa = PBXFileReference; lastKnownFileType = sourcecode.swift; path = AdvancedPlayerOverlay.swift; sourceTree = "<group>"; };
		C6CCF274D255EBF9616E3F7E /* ItemDetailViewModel.swift */ = {isa = PBXFileReference; lastKnownFileType = sourcecode.swift; path = ItemDetailViewModel.swift; sourceTree = "<group>"; };
		C94726AA358E010E165312FB /* LibrariesModel.swift */ = {isa = PBXFileReference; lastKnownFileType = sourcecode.swift; path = LibrariesModel.swift; sourceTree = "<group>"; };
		D1A15545BEF439A22511B42D /* Primitives.swift */ = {isa = PBXFileReference; lastKnownFileType = sourcecode.swift; path = Primitives.swift; sourceTree = "<group>"; };
		D96FEADB14582DC3192FB1B8 /* RemoteControlTests.swift */ = {isa = PBXFileReference; lastKnownFileType = sourcecode.swift; path = RemoteControlTests.swift; sourceTree = "<group>"; };
		DAAF6B2B272369449545C438 /* BaseItem+Display.swift */ = {isa = PBXFileReference; lastKnownFileType = sourcecode.swift; path = "BaseItem+Display.swift"; sourceTree = "<group>"; };
		DB48061975AD87F58267ABB3 /* Vela.app */ = {isa = PBXFileReference; includeInIndex = 0; lastKnownFileType = wrapper.application; path = Vela.app; sourceTree = BUILT_PRODUCTS_DIR; };
		DC2DD1DDE2D15D08E86B6B40 /* NextEpisodeResolver.swift */ = {isa = PBXFileReference; lastKnownFileType = sourcecode.swift; path = NextEpisodeResolver.swift; sourceTree = "<group>"; };
		DC7C838A6DF90786E7A6BF50 /* DeviceInfo.swift */ = {isa = PBXFileReference; lastKnownFileType = sourcecode.swift; path = DeviceInfo.swift; sourceTree = "<group>"; };
		DEFAEF269373AA04A963C52E /* VelaFoundationErrorBridge.swift */ = {isa = PBXFileReference; lastKnownFileType = sourcecode.swift; path = VelaFoundationErrorBridge.swift; sourceTree = "<group>"; };
		E34764EC45155922F40BE322 /* RemoteControlService.swift */ = {isa = PBXFileReference; lastKnownFileType = sourcecode.swift; path = RemoteControlService.swift; sourceTree = "<group>"; };
		E5673CFF046B7D5AC4F9AC4F /* UITestFixtures */ = {isa = PBXFileReference; lastKnownFileType = folder; name = UITestFixtures; path = Vela/Resources/UITestFixtures; sourceTree = SOURCE_ROOT; };
		ED81E3763AE1615124D87A84 /* SearchView.swift */ = {isa = PBXFileReference; lastKnownFileType = sourcecode.swift; path = SearchView.swift; sourceTree = "<group>"; };
		F19C78EBB3FD08EBF512626A /* Info.plist */ = {isa = PBXFileReference; lastKnownFileType = text.plist; path = Info.plist; sourceTree = "<group>"; };
		F4B49BAEBCE1DADE7DBC7F9F /* AppLog.swift */ = {isa = PBXFileReference; lastKnownFileType = sourcecode.swift; path = AppLog.swift; sourceTree = "<group>"; };
		F5B05B53E1B4CCB42ECB8B19 /* SubtitleLoader.swift */ = {isa = PBXFileReference; lastKnownFileType = sourcecode.swift; path = SubtitleLoader.swift; sourceTree = "<group>"; };
		F82655893648EF7A7BC80C24 /* Cards.swift */ = {isa = PBXFileReference; lastKnownFileType = sourcecode.swift; path = Cards.swift; sourceTree = "<group>"; };
		F953C5F1D43C77AC489B6B09 /* LibraryView.swift */ = {isa = PBXFileReference; lastKnownFileType = sourcecode.swift; path = LibraryView.swift; sourceTree = "<group>"; };
		FED913476D6F08C0980EF7EB /* AppEnvironment+RemoteControl.swift */ = {isa = PBXFileReference; lastKnownFileType = sourcecode.swift; path = "AppEnvironment+RemoteControl.swift"; sourceTree = "<group>"; };
/* End PBXFileReference section */

/* Begin PBXFrameworksBuildPhase section */
		99A162DEA9F9BBFB648466BA /* Frameworks */ = {
			isa = PBXFrameworksBuildPhase;
			buildActionMask = 2147483647;
			files = (
				A591830F448954367B34CF1B /* VelaFoundation in Frameworks */,
				4F46C1ED06C3A1AE8B0E18CE /* JellyfinKit in Frameworks */,
				8E9A857D6630E3F65677543F /* PlaybackDecision in Frameworks */,
				37550D7DE71BBDD2E162F7C0 /* MPVKit in Frameworks */,
			);
			runOnlyForDeploymentPostprocessing = 0;
		};
		CE8F13228B31F548D5C43F96 /* Frameworks */ = {
			isa = PBXFrameworksBuildPhase;
			buildActionMask = 2147483647;
			files = (
				751683979FD72F162F08E05C /* VelaFoundation in Frameworks */,
				EBF1D0A166B809FC4509890A /* JellyfinKit in Frameworks */,
				0D5AE8561E62DE2D3608A018 /* PlaybackDecision in Frameworks */,
			);
			runOnlyForDeploymentPostprocessing = 0;
		};
/* End PBXFrameworksBuildPhase section */

/* Begin PBXGroup section */
		1074CE891D9232959255126E /* Session */ = {
			isa = PBXGroup;
			children = (
				DC7C838A6DF90786E7A6BF50 /* DeviceInfo.swift */,
				5F131BAF212C26228E2B8CF2 /* KeychainStore.swift */,
				E34764EC45155922F40BE322 /* RemoteControlService.swift */,
				798111E5AEBDEFB8C45AEF22 /* ServerAccount.swift */,
				AE18AE127B8CB692D5187835 /* SessionStore.swift */,
			);
			path = Session;
			sourceTree = "<group>";
		};
		186FC7779F11230E99193BCC /* Capabilities */ = {
			isa = PBXGroup;
			children = (
				12A62FC983C13930B0083E8F /* DeviceCapabilityProbe.swift */,
			);
			path = Capabilities;
			sourceTree = "<group>";
		};
		20E99A093AC592D598BA3D3D /* Localization */ = {
			isa = PBXGroup;
			children = (
				2682F18FB262896DC2D4AE5F /* L10n.swift */,
			);
			path = Localization;
			sourceTree = "<group>";
		};
		2565B0BFFF6597E44F8214D7 /* Packages */ = {
			isa = PBXGroup;
			children = (
				AF3017979382EA7A75F5642D /* VelaCore */,
			);
			path = Packages;
			sourceTree = "<group>";
		};
		2BA87910E731A6A12201E0F9 /* Subtitles */ = {
			isa = PBXGroup;
			children = (
				F5B05B53E1B4CCB42ECB8B19 /* SubtitleLoader.swift */,
				47B54BA20EEE095D412F5131 /* SubtitleOverlayView.swift */,
			);
			path = Subtitles;
			sourceTree = "<group>";
		};
		30B43768D32E64A9A5EDCA3D /* VelaTests */ = {
			isa = PBXGroup;
			children = (
				9F12B5690A731387A06BDA4F /* AppFoundationTests.swift */,
				9B4D362459D499FBC8768DA1 /* IntegrationTests.swift */,
				4629E2767323C21DDA37C111 /* PlaybackCoordinatorTests.swift */,
				D96FEADB14582DC3192FB1B8 /* RemoteControlTests.swift */,
			);
			path = VelaTests;
			sourceTree = "<group>";
		};
		34CBF23C7832058567C9D7B6 /* Search */ = {
			isa = PBXGroup;
			children = (
				ED81E3763AE1615124D87A84 /* SearchView.swift */,
			);
			path = Search;
			sourceTree = "<group>";
		};
		3A173F1F1CE4E0C9E654500F /* Testing */ = {
			isa = PBXGroup;
			children = (
				2FA3EE16B03B26776E73F222 /* FixtureTransport.swift */,
			);
			path = Testing;
			sourceTree = "<group>";
		};
		483BF04F79F6240146C6B63F /* Products */ = {
			isa = PBXGroup;
			children = (
				DB48061975AD87F58267ABB3 /* Vela.app */,
				C1078DFACB04854902CB04AA /* VelaTests.xctest */,
				0EEA3733DAA6951BD72BD5A8 /* VelaUITests.xctest */,
			);
			name = Products;
			sourceTree = "<group>";
		};
		4BA592E07F04EEF91587CEA1 /* Logging */ = {
			isa = PBXGroup;
			children = (
				F4B49BAEBCE1DADE7DBC7F9F /* AppLog.swift */,
			);
			path = Logging;
			sourceTree = "<group>";
		};
		4D294A30460170810C8D746B /* Core */ = {
			isa = PBXGroup;
			children = (
				186FC7779F11230E99193BCC /* Capabilities */,
				B513294B4119301635EF99BF /* Errors */,
				85C4EA1C713DE4793691B334 /* Extensions */,
				F8AD1D46A1BF66B41F1DA472 /* Images */,
				20E99A093AC592D598BA3D3D /* Localization */,
				4BA592E07F04EEF91587CEA1 /* Logging */,
				BF633D2EE86F7EADBBBBF771 /* Preferences */,
				1074CE891D9232959255126E /* Session */,
				3A173F1F1CE4E0C9E654500F /* Testing */,
			);
			path = Core;
			sourceTree = "<group>";
		};
		4F0FA1A4F4F6513D18F14534 /* Home */ = {
			isa = PBXGroup;
			children = (
				422E779F5B7E95CA3A4EA591 /* HomeView.swift */,
				079FD83B4BA6A670232823AD /* HomeViewModel.swift */,
				C94726AA358E010E165312FB /* LibrariesModel.swift */,
			);
			path = Home;
			sourceTree = "<group>";
		};
		5594BC111541DCFC8C6C6CEA /* DesignSystem */ = {
			isa = PBXGroup;
			children = (
				C1BC6718FE39E639ED2DF3A3 /* Components */,
				297DDE0123FC5FA95946EDBD /* Theme.swift */,
			);
			path = DesignSystem;
			sourceTree = "<group>";
		};
		76FBB74658D664F4F3F40A89 /* Vela */ = {
			isa = PBXGroup;
			children = (
				DD8CAB57B512C6311633A8CD /* App */,
				4D294A30460170810C8D746B /* Core */,
				5594BC111541DCFC8C6C6CEA /* DesignSystem */,
				DFED9320DF3E1E4A3715E40C /* Features */,
				DE70DEAC71713F95D9C3A38A /* Resources */,
			);
			path = Vela;
			sourceTree = "<group>";
		};
		7EC023B9723B9A8C153F0671 /* Settings */ = {
			isa = PBXGroup;
			children = (
				1D423399652D7602825AF255 /* DebugURLPlayerScreen.swift */,
				A7498772A5B88BD874A28FB1 /* DebugViews.swift */,
				0BA435AC43373573824865F5 /* SettingsView.swift */,
			);
			path = Settings;
			sourceTree = "<group>";
		};
		82EE0A136ADF81040B7517DF /* Player */ = {
			isa = PBXGroup;
			children = (
				E4EC684765B9B3AB5245EF5F /* Engines */,
				2BA87910E731A6A12201E0F9 /* Subtitles */,
				A70C4B192D8EED7E274FD633 /* UI */,
				DC2DD1DDE2D15D08E86B6B40 /* NextEpisodeResolver.swift */,
				1A5E0C02B4AA9DA1602421D3 /* PlaybackCoordinator.swift */,
				5CD66FA01369761125E50CAE /* PlaybackSessionReporter.swift */,
				5D625497259CD48A404934AA /* PlayerScreen.swift */,
			);
			path = Player;
			sourceTree = "<group>";
		};
		85C4EA1C713DE4793691B334 /* Extensions */ = {
			isa = PBXGroup;
			children = (
				DAAF6B2B272369449545C438 /* BaseItem+Display.swift */,
			);
			path = Extensions;
			sourceTree = "<group>";
		};
		8D8AC28433B2AC935501E5A2 = {
			isa = PBXGroup;
			children = (
				2565B0BFFF6597E44F8214D7 /* Packages */,
				76FBB74658D664F4F3F40A89 /* Vela */,
				30B43768D32E64A9A5EDCA3D /* VelaTests */,
				9146771148C588AB2DD77267 /* VelaUITests */,
				483BF04F79F6240146C6B63F /* Products */,
			);
			sourceTree = "<group>";
		};
		9146771148C588AB2DD77267 /* VelaUITests */ = {
			isa = PBXGroup;
			children = (
				52C78B34927AEDED297619B9 /* MockServerTour.swift */,
				3A00AE11657CD504B4F18A4E /* RealServerTour.swift */,
				571BC208964F01F62C5B91CA /* VelaUITests.swift */,
			);
			path = VelaUITests;
			sourceTree = "<group>";
		};
		9B22DB9F3C25055B3AD46998 /* Details */ = {
			isa = PBXGroup;
			children = (
				416868697ED7414A01B87524 /* ItemDetailView.swift */,
				C6CCF274D255EBF9616E3F7E /* ItemDetailViewModel.swift */,
				10FBC2EA01D02A933EE83078 /* SeriesDetailView.swift */,
				89B1D0100CA2CD2BF867C12E /* SeriesViewModel.swift */,
			);
			path = Details;
			sourceTree = "<group>";
		};
		A70C4B192D8EED7E274FD633 /* UI */ = {
			isa = PBXGroup;
			children = (
				C2F5A459186EA3535DCFF173 /* AdvancedPlayerOverlay.swift */,
				A9E81A38558BD0E741A8FF2A /* RemoteInputView.swift */,
			);
			path = UI;
			sourceTree = "<group>";
		};
		B513294B4119301635EF99BF /* Errors */ = {
			isa = PBXGroup;
			children = (
				08F0A401B53698C0B448CE5E /* ErrorPresentation.swift */,
				DEFAEF269373AA04A963C52E /* VelaFoundationErrorBridge.swift */,
			);
			path = Errors;
			sourceTree = "<group>";
		};
		B9A57A191A48034F9AA333FA /* Library */ = {
			isa = PBXGroup;
			children = (
				F953C5F1D43C77AC489B6B09 /* LibraryView.swift */,
				BDF3F5701310F0918844202C /* LibraryViewModel.swift */,
			);
			path = Library;
			sourceTree = "<group>";
		};
		BF633D2EE86F7EADBBBBF771 /* Preferences */ = {
			isa = PBXGroup;
			children = (
				97489B146456C0771AF8EBA2 /* Preferences.swift */,
			);
			path = Preferences;
			sourceTree = "<group>";
		};
		C1BC6718FE39E639ED2DF3A3 /* Components */ = {
			isa = PBXGroup;
			children = (
				F82655893648EF7A7BC80C24 /* Cards.swift */,
				2F94ED618595046A449500D5 /* FocusEffects.swift */,
				D1A15545BEF439A22511B42D /* Primitives.swift */,
				9E29689A6EEFF71E48ECADD9 /* RemoteMessageBanner.swift */,
			);
			path = Components;
			sourceTree = "<group>";
		};
		DD8CAB57B512C6311633A8CD /* App */ = {
			isa = PBXGroup;
			children = (
				C1BADDF75E4B66B94DA73C6E /* AppEnvironment.swift */,
				2C72234F6FB7FFFEA62369CA /* AppEnvironment+Playback.swift */,
				FED913476D6F08C0980EF7EB /* AppEnvironment+RemoteControl.swift */,
				2B0103EFF808E44AD16E1E42 /* Navigation.swift */,
				4BB7217324F525FE0B7DFA85 /* RootView.swift */,
				789862BF13686674B5EB72A3 /* VelaApp.swift */,
			);
			path = App;
			sourceTree = "<group>";
		};
		DE70DEAC71713F95D9C3A38A /* Resources */ = {
			isa = PBXGroup;
			children = (
				FD5965262AFFC5AAD2C6D1D7 /* Localizable.strings */,
				06C3337ACED2B2DC57D7FF2B /* Assets.xcassets */,
				F19C78EBB3FD08EBF512626A /* Info.plist */,
				17CAF0AB79571606E191477A /* InfoPlist.strings */,
				E5673CFF046B7D5AC4F9AC4F /* UITestFixtures */,
			);
			path = Resources;
			sourceTree = "<group>";
		};
		DFED9320DF3E1E4A3715E40C /* Features */ = {
			isa = PBXGroup;
			children = (
				9B22DB9F3C25055B3AD46998 /* Details */,
				4F0FA1A4F4F6513D18F14534 /* Home */,
				B9A57A191A48034F9AA333FA /* Library */,
				F7C3B548D9F642354E0C985A /* Onboarding */,
				82EE0A136ADF81040B7517DF /* Player */,
				34CBF23C7832058567C9D7B6 /* Search */,
				7EC023B9723B9A8C153F0671 /* Settings */,
			);
			path = Features;
			sourceTree = "<group>";
		};
		E4EC684765B9B3AB5245EF5F /* Engines */ = {
			isa = PBXGroup;
			children = (
				3A5666CEC39B4ED51E5257DC /* AdvancedPlaybackEngine.swift */,
				1F6377AE5C906C3691A1A9F5 /* AVPlayerDiagnostics.swift */,
				2C2581A919F30717F821F953 /* DisplayCriteriaController.swift */,
				B2485AA7D8ECD54ACDFBC904 /* MPVController.swift */,
				40D107C53CA1F920B6D1B1E7 /* NativePlaybackEngine.swift */,
				6033006C7ECB0D81D364136C /* PlaybackEngine.swift */,
			);
			path = Engines;
			sourceTree = "<group>";
		};
		F7C3B548D9F642354E0C985A /* Onboarding */ = {
			isa = PBXGroup;
			children = (
				7BAB0DEEA5BC68511209F16E /* OnboardingFlow.swift */,
				615749BFCEA443565BAA6AE8 /* OnboardingModel.swift */,
			);
			path = Onboarding;
			sourceTree = "<group>";
		};
		F8AD1D46A1BF66B41F1DA472 /* Images */ = {
			isa = PBXGroup;
			children = (
				8AA522E8BB7EEAD5C0B8D31E /* ImagePipeline.swift */,
				0605D00ECD9280D7B4122AF1 /* ItemImages.swift */,
				60D8DE0B2491C21F2A654672 /* RemoteImage.swift */,
			);
			path = Images;
			sourceTree = "<group>";
		};
/* End PBXGroup section */

/* Begin PBXNativeTarget section */
		887543FE98EDDB51C0D26FB2 /* Vela */ = {
			isa = PBXNativeTarget;
			buildConfigurationList = 6E36DFB38ED9B78C5432D865 /* Build configuration list for PBXNativeTarget "Vela" */;
			buildPhases = (
				41EE8B5767B0C17BE620D5EB /* Sources */,
				D2CBC3C0A47F2DDAC075D2B2 /* Resources */,
				99A162DEA9F9BBFB648466BA /* Frameworks */,
			);
			buildRules = (
			);
			dependencies = (
			);
			name = Vela;
			packageProductDependencies = (
				14D8ED5208B1E1F021C479CB /* VelaFoundation */,
				7253B1768A99EB3EF57EFDED /* JellyfinKit */,
				BE3F2AEE1025ED8EDEBD522B /* PlaybackDecision */,
				9468506F9B50759B0ED1D232 /* MPVKit */,
			);
			productName = Vela;
			productReference = DB48061975AD87F58267ABB3 /* Vela.app */;
			productType = "com.apple.product-type.application";
		};
		BCCFD8D037ED6DA65F70506A /* VelaTests */ = {
			isa = PBXNativeTarget;
			buildConfigurationList = EBE048412C188E0C02EB3FBB /* Build configuration list for PBXNativeTarget "VelaTests" */;
			buildPhases = (
				ED0A716E8CBDA2A819B54C5D /* Sources */,
				CE8F13228B31F548D5C43F96 /* Frameworks */,
			);
			buildRules = (
			);
			dependencies = (
				0A16816192FC832CFD7D6BBB /* PBXTargetDependency */,
			);
			name = VelaTests;
			packageProductDependencies = (
				84144A16FC110C7C90AEBFA5 /* VelaFoundation */,
				B294A7046D740C1969423E8F /* JellyfinKit */,
				4E3E98F3E08D62C8955E5978 /* PlaybackDecision */,
			);
			productName = VelaTests;
			productReference = C1078DFACB04854902CB04AA /* VelaTests.xctest */;
			productType = "com.apple.product-type.bundle.unit-test";
		};
		D432462B310DF536939AAD28 /* VelaUITests */ = {
			isa = PBXNativeTarget;
			buildConfigurationList = BA6BE275FEB80938A7BBF666 /* Build configuration list for PBXNativeTarget "VelaUITests" */;
			buildPhases = (
				A8E61BAB6CF9B43819A14BE7 /* Sources */,
			);
			buildRules = (
			);
			dependencies = (
				5E3B4A6AE2415ED23A91BBB1 /* PBXTargetDependency */,
			);
			name = VelaUITests;
			packageProductDependencies = (
			);
			productName = VelaUITests;
			productReference = 0EEA3733DAA6951BD72BD5A8 /* VelaUITests.xctest */;
			productType = "com.apple.product-type.bundle.ui-testing";
		};
/* End PBXNativeTarget section */

/* Begin PBXProject section */
		7FD476A6B78E6892F5E407ED /* Project object */ = {
			isa = PBXProject;
			attributes = {
				BuildIndependentTargetsInParallel = YES;
				LastUpgradeCheck = 1600;
				TargetAttributes = {
					887543FE98EDDB51C0D26FB2 = {
						DevelopmentTeam = M8735KCYG5;
						ProvisioningStyle = Automatic;
					};
					BCCFD8D037ED6DA65F70506A = {
						DevelopmentTeam = M8735KCYG5;
						ProvisioningStyle = Automatic;
					};
					D432462B310DF536939AAD28 = {
						DevelopmentTeam = M8735KCYG5;
						ProvisioningStyle = Automatic;
						TestTargetID = 887543FE98EDDB51C0D26FB2;
					};
				};
			};
			buildConfigurationList = 070106BC6C9C9A3557F945E6 /* Build configuration list for PBXProject "Vela" */;
			developmentRegion = en;
			hasScannedForEncodings = 0;
			knownRegions = (
				Base,
				de,
				en,
			);
			mainGroup = 8D8AC28433B2AC935501E5A2;
			minimizedProjectReferenceProxies = 1;
			packageReferences = (
				ACBFEB059A4BEECC7BD8796A /* XCRemoteSwiftPackageReference "MPVKit" */,
				DE8EB25E13F4A26AE0471F88 /* XCLocalSwiftPackageReference "Packages/VelaCore" */,
			);
			preferredProjectObjectVersion = 77;
			productRefGroup = 483BF04F79F6240146C6B63F /* Products */;
			projectDirPath = "";
			projectRoot = "";
			targets = (
				887543FE98EDDB51C0D26FB2 /* Vela */,
				BCCFD8D037ED6DA65F70506A /* VelaTests */,
				D432462B310DF536939AAD28 /* VelaUITests */,
			);
		};
/* End PBXProject section */

/* Begin PBXResourcesBuildPhase section */
		D2CBC3C0A47F2DDAC075D2B2 /* Resources */ = {
			isa = PBXResourcesBuildPhase;
			buildActionMask = 2147483647;
			files = (
				EF22D988389224DBB8937340 /* Assets.xcassets in Resources */,
				1E50B1ACD036DD6C3B93D627 /* InfoPlist.strings in Resources */,
				124C82907BBD94ADB7C49301 /* Localizable.strings in Resources */,
				AFEAFADFECC09C5029438188 /* UITestFixtures in Resources */,
			);
			runOnlyForDeploymentPostprocessing = 0;
		};
/* End PBXResourcesBuildPhase section */

/* Begin PBXSourcesBuildPhase section */
		41EE8B5767B0C17BE620D5EB /* Sources */ = {
			isa = PBXSourcesBuildPhase;
			buildActionMask = 2147483647;
			files = (
				EC46E099FCB16AEEDDBB99B5 /* AVPlayerDiagnostics.swift in Sources */,
				2C4DD0F809AF94249E94234B /* AdvancedPlaybackEngine.swift in Sources */,
				8F924901D4D15C3AE8213E15 /* AdvancedPlayerOverlay.swift in Sources */,
				B7F0C9737284B66F49607A53 /* AppEnvironment+Playback.swift in Sources */,
				BC94FFFBC0E247043F9CAE3B /* AppEnvironment+RemoteControl.swift in Sources */,
				638D52111DB44FAC360DE1F4 /* AppEnvironment.swift in Sources */,
				ED1F725016FB5255C4884D56 /* AppLog.swift in Sources */,
				0346C9F590613AB5CB6C1E3D /* BaseItem+Display.swift in Sources */,
				7EA649DEA0663377584DE4D5 /* Cards.swift in Sources */,
				A2B14D49E87D86354F7EA5B2 /* DebugURLPlayerScreen.swift in Sources */,
				42709FBBFF9EAFE8136D406A /* DebugViews.swift in Sources */,
				615B0D8624C6A0AB1C63402A /* DeviceCapabilityProbe.swift in Sources */,
				A39D7F3EBD2355C05FFA139D /* DeviceInfo.swift in Sources */,
				FA3FD4C517ACABA632D6048D /* DisplayCriteriaController.swift in Sources */,
				8954E115B949EA599DA1932A /* ErrorPresentation.swift in Sources */,
				B5A4E460A0CF756C8BA2E44B /* FixtureTransport.swift in Sources */,
				838284209E2A7F2F4A0671BD /* FocusEffects.swift in Sources */,
				52B5433A384D2AA47255F40C /* HomeView.swift in Sources */,
				463AC47E8122FAB838D45230 /* HomeViewModel.swift in Sources */,
				1C003AF42A9BF1AAFCB210F7 /* ImagePipeline.swift in Sources */,
				0E2B207E29F6400C402ACE89 /* ItemDetailView.swift in Sources */,
				273BFCC7A49F8EF3521D371A /* ItemDetailViewModel.swift in Sources */,
				CA2DCC32466C3CC8AB81A511 /* ItemImages.swift in Sources */,
				E01493D71978276936349669 /* KeychainStore.swift in Sources */,
				DDB70EE94B166DC37AD3D256 /* L10n.swift in Sources */,
				BE5A31DB6628B4FB823F06A3 /* LibrariesModel.swift in Sources */,
				D3D738DF4FD7A4DCB6D5E2E9 /* LibraryView.swift in Sources */,
				C4428173FB8C3BDCB940AB9D /* LibraryViewModel.swift in Sources */,
				F10AB10A9B93C93CB18AE9D9 /* MPVController.swift in Sources */,
				54D3A7F58042A95F8450CD3D /* NativePlaybackEngine.swift in Sources */,
				3E65E454E22B53F28A1F663F /* Navigation.swift in Sources */,
				0D0CA0345E4A74BF8FE9F719 /* NextEpisodeResolver.swift in Sources */,
				1B076CEA3939EA0695878098 /* OnboardingFlow.swift in Sources */,
				747BE28125425313EA4368EF /* OnboardingModel.swift in Sources */,
				C129E25B112B94060B92ABC3 /* PlaybackCoordinator.swift in Sources */,
				E5D481CEEBB27F6199854F98 /* PlaybackEngine.swift in Sources */,
				9C6EDF76B2688A6F618B3CB9 /* PlaybackSessionReporter.swift in Sources */,
				D441542495DA9479EE4094CC /* PlayerScreen.swift in Sources */,
				6A74F487A727D84E861C1B85 /* Preferences.swift in Sources */,
				D8546D85680BE488C5193A35 /* Primitives.swift in Sources */,
				9A35CB408776BCAB73484BD9 /* RemoteControlService.swift in Sources */,
				8DDCB6E1A74C4193C81EC4FA /* RemoteImage.swift in Sources */,
				68447C1D17E73BB7A830B7E2 /* RemoteInputView.swift in Sources */,
				8B12ABD15537BDA82CEF4AA4 /* RemoteMessageBanner.swift in Sources */,
				BBF9404B4CF8D5E3AAA65673 /* RootView.swift in Sources */,
				8ED1FBCA505DE164ECC82384 /* SearchView.swift in Sources */,
				1895A60D396D99FEC36DC5A3 /* SeriesDetailView.swift in Sources */,
				183296E38F4D9B728FF957E8 /* SeriesViewModel.swift in Sources */,
				F254902EE74AE7039A6B0607 /* ServerAccount.swift in Sources */,
				E94BDE4E2C34D21F1E2FC769 /* SessionStore.swift in Sources */,
				BB6B1F786621974CE21E00CF /* SettingsView.swift in Sources */,
				204098D5A2764CFFEC05FC5D /* SubtitleLoader.swift in Sources */,
				E1909318D1EE78505A1FCE3C /* SubtitleOverlayView.swift in Sources */,
				90D1FF2AE7AE66B23DEDA187 /* Theme.swift in Sources */,
				72CB8F92DDA7BD6155071AD1 /* VelaApp.swift in Sources */,
				CDFF52A753F63448DA1181A1 /* VelaFoundationErrorBridge.swift in Sources */,
			);
			runOnlyForDeploymentPostprocessing = 0;
		};
		A8E61BAB6CF9B43819A14BE7 /* Sources */ = {
			isa = PBXSourcesBuildPhase;
			buildActionMask = 2147483647;
			files = (
				3B1B6DC0F21EACF280675EC5 /* MockServerTour.swift in Sources */,
				14761B5F74B6986F3F5FB1BB /* RealServerTour.swift in Sources */,
				8C8FBE0ECE2C468574769E30 /* VelaUITests.swift in Sources */,
			);
			runOnlyForDeploymentPostprocessing = 0;
		};
		ED0A716E8CBDA2A819B54C5D /* Sources */ = {
			isa = PBXSourcesBuildPhase;
			buildActionMask = 2147483647;
			files = (
				8E646606B005251B5B7CF88A /* AppFoundationTests.swift in Sources */,
				4ADE96AAD9F959779CCE0CEF /* IntegrationTests.swift in Sources */,
				C4F4E80374EBDC8C9E3AD78B /* PlaybackCoordinatorTests.swift in Sources */,
				B8A960027539E1276DC42A45 /* RemoteControlTests.swift in Sources */,
			);
			runOnlyForDeploymentPostprocessing = 0;
		};
/* End PBXSourcesBuildPhase section */

/* Begin PBXTargetDependency section */
		0A16816192FC832CFD7D6BBB /* PBXTargetDependency */ = {
			isa = PBXTargetDependency;
			target = 887543FE98EDDB51C0D26FB2 /* Vela */;
			targetProxy = 3A1F5677571FEAEEC349EA44 /* PBXContainerItemProxy */;
		};
		5E3B4A6AE2415ED23A91BBB1 /* PBXTargetDependency */ = {
			isa = PBXTargetDependency;
			target = 887543FE98EDDB51C0D26FB2 /* Vela */;
			targetProxy = 8C5F3BDC5D93B805FF1C37BA /* PBXContainerItemProxy */;
		};
/* End PBXTargetDependency section */

/* Begin PBXVariantGroup section */
		FD5965262AFFC5AAD2C6D1D7 /* Localizable.strings */ = {
			isa = PBXVariantGroup;
			children = (
				80B0C55F664BE5F59A670B2E /* de */,
				7705698E1ACDDBC3AE2195C5 /* en */,
			);
			name = Localizable.strings;
			sourceTree = "<group>";
		};
/* End PBXVariantGroup section */

/* Begin XCBuildConfiguration section */
		1CEE218FF8A747D74AC0ED38 /* Release */ = {
			isa = XCBuildConfiguration;
			buildSettings = {
				ASSETCATALOG_COMPILER_APPICON_NAME = "App Icon & Top Shelf Image";
				ASSETCATALOG_COMPILER_GLOBAL_ACCENT_COLOR_NAME = AccentColor;
				ASSETCATALOG_COMPILER_LAUNCHIMAGE_NAME = LaunchImage;
				ENABLE_PREVIEWS = YES;
				GENERATE_INFOPLIST_FILE = NO;
				INFOPLIST_FILE = Vela/Resources/Info.plist;
				LD_RUNPATH_SEARCH_PATHS = "$(inherited) @executable_path/Frameworks";
				OTHER_LDFLAGS = "$(inherited) -ObjC";
				PRODUCT_BUNDLE_IDENTIFIER = com.ralleur.vela;
				PRODUCT_NAME = Vela;
				SDKROOT = appletvos;
				TARGETED_DEVICE_FAMILY = 3;
			};
			name = Release;
		};
		33385A60476E304021E1BEE4 /* Debug */ = {
			isa = XCBuildConfiguration;
			buildSettings = {
				BUNDLE_LOADER = "$(TEST_HOST)";
				GENERATE_INFOPLIST_FILE = YES;
				LD_RUNPATH_SEARCH_PATHS = (
					"$(inherited)",
					"@executable_path/Frameworks",
					"@loader_path/Frameworks",
				);
				PRODUCT_BUNDLE_IDENTIFIER = com.ralleur.vela.tests;
				SDKROOT = appletvos;
				TARGETED_DEVICE_FAMILY = 3;
				TEST_HOST = "$(BUILT_PRODUCTS_DIR)/Vela.app/Vela";
			};
			name = Debug;
		};
		476CFC287C549CE5B64C8F41 /* Debug */ = {
			isa = XCBuildConfiguration;
			buildSettings = {
				ALWAYS_SEARCH_USER_PATHS = NO;
				ASSETCATALOG_COMPILER_GENERATE_SWIFT_ASSET_SYMBOL_EXTENSIONS = YES;
				CLANG_ANALYZER_NONNULL = YES;
				CLANG_ANALYZER_NUMBER_OBJECT_CONVERSION = YES_AGGRESSIVE;
				CLANG_CXX_LANGUAGE_STANDARD = "gnu++14";
				CLANG_CXX_LIBRARY = "libc++";
				CLANG_ENABLE_MODULES = YES;
				CLANG_ENABLE_OBJC_ARC = YES;
				CLANG_ENABLE_OBJC_WEAK = YES;
				CLANG_WARN_BLOCK_CAPTURE_AUTORELEASING = YES;
				CLANG_WARN_BOOL_CONVERSION = YES;
				CLANG_WARN_COMMA = YES;
				CLANG_WARN_CONSTANT_CONVERSION = YES;
				CLANG_WARN_DEPRECATED_OBJC_IMPLEMENTATIONS = YES;
				CLANG_WARN_DIRECT_OBJC_ISA_USAGE = YES_ERROR;
				CLANG_WARN_DOCUMENTATION_COMMENTS = YES;
				CLANG_WARN_EMPTY_BODY = YES;
				CLANG_WARN_ENUM_CONVERSION = YES;
				CLANG_WARN_INFINITE_RECURSION = YES;
				CLANG_WARN_INT_CONVERSION = YES;
				CLANG_WARN_NON_LITERAL_NULL_CONVERSION = YES;
				CLANG_WARN_OBJC_IMPLICIT_RETAIN_SELF = YES;
				CLANG_WARN_OBJC_LITERAL_CONVERSION = YES;
				CLANG_WARN_OBJC_ROOT_CLASS = YES_ERROR;
				CLANG_WARN_QUOTED_INCLUDE_IN_FRAMEWORK_HEADER = YES;
				CLANG_WARN_RANGE_LOOP_ANALYSIS = YES;
				CLANG_WARN_STRICT_PROTOTYPES = YES;
				CLANG_WARN_SUSPICIOUS_MOVE = YES;
				CLANG_WARN_UNGUARDED_AVAILABILITY = YES_AGGRESSIVE;
				CLANG_WARN_UNREACHABLE_CODE = YES;
				CLANG_WARN__DUPLICATE_METHOD_MATCH = YES;
				CODE_SIGN_STYLE = Automatic;
				COPY_PHASE_STRIP = NO;
				CURRENT_PROJECT_VERSION = 1;
				DEBUG_INFORMATION_FORMAT = dwarf;
				DEVELOPMENT_TEAM = M8735KCYG5;
				ENABLE_STRICT_OBJC_MSGSEND = YES;
				ENABLE_TESTABILITY = YES;
				ENABLE_USER_SCRIPT_SANDBOXING = YES;
				GCC_C_LANGUAGE_STANDARD = gnu11;
				GCC_DYNAMIC_NO_PIC = NO;
				GCC_NO_COMMON_BLOCKS = YES;
				GCC_OPTIMIZATION_LEVEL = 0;
				GCC_PREPROCESSOR_DEFINITIONS = (
					"$(inherited)",
					"DEBUG=1",
				);
				GCC_TREAT_WARNINGS_AS_ERRORS = NO;
				GCC_WARN_64_TO_32_BIT_CONVERSION = YES;
				GCC_WARN_ABOUT_RETURN_TYPE = YES_ERROR;
				GCC_WARN_UNDECLARED_SELECTOR = YES;
				GCC_WARN_UNINITIALIZED_AUTOS = YES_AGGRESSIVE;
				GCC_WARN_UNUSED_FUNCTION = YES;
				GCC_WARN_UNUSED_VARIABLE = YES;
				MARKETING_VERSION = 1.0.0;
				MTL_ENABLE_DEBUG_INFO = INCLUDE_SOURCE;
				MTL_FAST_MATH = YES;
				ONLY_ACTIVE_ARCH = YES;
				PRODUCT_NAME = "$(TARGET_NAME)";
				SDKROOT = appletvos;
				SWIFT_ACTIVE_COMPILATION_CONDITIONS = DEBUG;
				SWIFT_OPTIMIZATION_LEVEL = "-Onone";
				SWIFT_STRICT_CONCURRENCY = targeted;
				SWIFT_TREAT_WARNINGS_AS_ERRORS = NO;
				SWIFT_UPCOMING_FEATURE_EXISTENTIAL_ANY = YES;
				SWIFT_VERSION = 5.0;
				TVOS_DEPLOYMENT_TARGET = 17.0;
			};
			name = Debug;
		};
		8F93191B5945983291414356 /* Debug */ = {
			isa = XCBuildConfiguration;
			buildSettings = {
				BUNDLE_LOADER = "$(TEST_HOST)";
				GENERATE_INFOPLIST_FILE = YES;
				LD_RUNPATH_SEARCH_PATHS = (
					"$(inherited)",
					"@executable_path/Frameworks",
					"@loader_path/Frameworks",
				);
				PRODUCT_BUNDLE_IDENTIFIER = com.ralleur.vela.uitests;
				SDKROOT = appletvos;
				TARGETED_DEVICE_FAMILY = 3;
				TEST_TARGET_NAME = Vela;
			};
			name = Debug;
		};
		C06002D0C3EF0D1741FEDF3F /* Release */ = {
			isa = XCBuildConfiguration;
			buildSettings = {
				BUNDLE_LOADER = "$(TEST_HOST)";
				GENERATE_INFOPLIST_FILE = YES;
				LD_RUNPATH_SEARCH_PATHS = (
					"$(inherited)",
					"@executable_path/Frameworks",
					"@loader_path/Frameworks",
				);
				PRODUCT_BUNDLE_IDENTIFIER = com.ralleur.vela.tests;
				SDKROOT = appletvos;
				TARGETED_DEVICE_FAMILY = 3;
				TEST_HOST = "$(BUILT_PRODUCTS_DIR)/Vela.app/Vela";
			};
			name = Release;
		};
		C7722117C5818BBA606872BA /* Release */ = {
			isa = XCBuildConfiguration;
			buildSettings = {
				BUNDLE_LOADER = "$(TEST_HOST)";
				GENERATE_INFOPLIST_FILE = YES;
				LD_RUNPATH_SEARCH_PATHS = (
					"$(inherited)",
					"@executable_path/Frameworks",
					"@loader_path/Frameworks",
				);
				PRODUCT_BUNDLE_IDENTIFIER = com.ralleur.vela.uitests;
				SDKROOT = appletvos;
				TARGETED_DEVICE_FAMILY = 3;
				TEST_TARGET_NAME = Vela;
			};
			name = Release;
		};
		D79908D40D80D98CCA71B49C /* Release */ = {
			isa = XCBuildConfiguration;
			buildSettings = {
				ALWAYS_SEARCH_USER_PATHS = NO;
				ASSETCATALOG_COMPILER_GENERATE_SWIFT_ASSET_SYMBOL_EXTENSIONS = YES;
				CLANG_ANALYZER_NONNULL = YES;
				CLANG_ANALYZER_NUMBER_OBJECT_CONVERSION = YES_AGGRESSIVE;
				CLANG_CXX_LANGUAGE_STANDARD = "gnu++14";
				CLANG_CXX_LIBRARY = "libc++";
				CLANG_ENABLE_MODULES = YES;
				CLANG_ENABLE_OBJC_ARC = YES;
				CLANG_ENABLE_OBJC_WEAK = YES;
				CLANG_WARN_BLOCK_CAPTURE_AUTORELEASING = YES;
				CLANG_WARN_BOOL_CONVERSION = YES;
				CLANG_WARN_COMMA = YES;
				CLANG_WARN_CONSTANT_CONVERSION = YES;
				CLANG_WARN_DEPRECATED_OBJC_IMPLEMENTATIONS = YES;
				CLANG_WARN_DIRECT_OBJC_ISA_USAGE = YES_ERROR;
				CLANG_WARN_DOCUMENTATION_COMMENTS = YES;
				CLANG_WARN_EMPTY_BODY = YES;
				CLANG_WARN_ENUM_CONVERSION = YES;
				CLANG_WARN_INFINITE_RECURSION = YES;
				CLANG_WARN_INT_CONVERSION = YES;
				CLANG_WARN_NON_LITERAL_NULL_CONVERSION = YES;
				CLANG_WARN_OBJC_IMPLICIT_RETAIN_SELF = YES;
				CLANG_WARN_OBJC_LITERAL_CONVERSION = YES;
				CLANG_WARN_OBJC_ROOT_CLASS = YES_ERROR;
				CLANG_WARN_QUOTED_INCLUDE_IN_FRAMEWORK_HEADER = YES;
				CLANG_WARN_RANGE_LOOP_ANALYSIS = YES;
				CLANG_WARN_STRICT_PROTOTYPES = YES;
				CLANG_WARN_SUSPICIOUS_MOVE = YES;
				CLANG_WARN_UNGUARDED_AVAILABILITY = YES_AGGRESSIVE;
				CLANG_WARN_UNREACHABLE_CODE = YES;
				CLANG_WARN__DUPLICATE_METHOD_MATCH = YES;
				CODE_SIGN_STYLE = Automatic;
				COPY_PHASE_STRIP = NO;
				CURRENT_PROJECT_VERSION = 1;
				DEBUG_INFORMATION_FORMAT = "dwarf-with-dsym";
				DEVELOPMENT_TEAM = M8735KCYG5;
				ENABLE_NS_ASSERTIONS = NO;
				ENABLE_STRICT_OBJC_MSGSEND = YES;
				ENABLE_USER_SCRIPT_SANDBOXING = YES;
				GCC_C_LANGUAGE_STANDARD = gnu11;
				GCC_NO_COMMON_BLOCKS = YES;
				GCC_TREAT_WARNINGS_AS_ERRORS = NO;
				GCC_WARN_64_TO_32_BIT_CONVERSION = YES;
				GCC_WARN_ABOUT_RETURN_TYPE = YES_ERROR;
				GCC_WARN_UNDECLARED_SELECTOR = YES;
				GCC_WARN_UNINITIALIZED_AUTOS = YES_AGGRESSIVE;
				GCC_WARN_UNUSED_FUNCTION = YES;
				GCC_WARN_UNUSED_VARIABLE = YES;
				MARKETING_VERSION = 1.0.0;
				MTL_ENABLE_DEBUG_INFO = NO;
				MTL_FAST_MATH = YES;
				PRODUCT_NAME = "$(TARGET_NAME)";
				SDKROOT = appletvos;
				SWIFT_COMPILATION_MODE = wholemodule;
				SWIFT_OPTIMIZATION_LEVEL = "-O";
				SWIFT_STRICT_CONCURRENCY = targeted;
				SWIFT_TREAT_WARNINGS_AS_ERRORS = NO;
				SWIFT_UPCOMING_FEATURE_EXISTENTIAL_ANY = YES;
				SWIFT_VERSION = 5.0;
				TVOS_DEPLOYMENT_TARGET = 17.0;
			};
			name = Release;
		};
		D7AB7837F21C8FEF021F50B9 /* Debug */ = {
			isa = XCBuildConfiguration;
			buildSettings = {
				ASSETCATALOG_COMPILER_APPICON_NAME = "App Icon & Top Shelf Image";
				ASSETCATALOG_COMPILER_GLOBAL_ACCENT_COLOR_NAME = AccentColor;
				ASSETCATALOG_COMPILER_LAUNCHIMAGE_NAME = LaunchImage;
				ENABLE_PREVIEWS = YES;
				GENERATE_INFOPLIST_FILE = NO;
				INFOPLIST_FILE = Vela/Resources/Info.plist;
				LD_RUNPATH_SEARCH_PATHS = "$(inherited) @executable_path/Frameworks";
				OTHER_LDFLAGS = "$(inherited) -ObjC";
				PRODUCT_BUNDLE_IDENTIFIER = com.ralleur.vela;
				PRODUCT_NAME = Vela;
				SDKROOT = appletvos;
				TARGETED_DEVICE_FAMILY = 3;
			};
			name = Debug;
		};
/* End XCBuildConfiguration section */

/* Begin XCConfigurationList section */
		070106BC6C9C9A3557F945E6 /* Build configuration list for PBXProject "Vela" */ = {
			isa = XCConfigurationList;
			buildConfigurations = (
				476CFC287C549CE5B64C8F41 /* Debug */,
				D79908D40D80D98CCA71B49C /* Release */,
			);
			defaultConfigurationIsVisible = 0;
			defaultConfigurationName = Debug;
		};
		6E36DFB38ED9B78C5432D865 /* Build configuration list for PBXNativeTarget "Vela" */ = {
			isa = XCConfigurationList;
			buildConfigurations = (
				D7AB7837F21C8FEF021F50B9 /* Debug */,
				1CEE218FF8A747D74AC0ED38 /* Release */,
			);
			defaultConfigurationIsVisible = 0;
			defaultConfigurationName = Debug;
		};
		BA6BE275FEB80938A7BBF666 /* Build configuration list for PBXNativeTarget "VelaUITests" */ = {
			isa = XCConfigurationList;
			buildConfigurations = (
				8F93191B5945983291414356 /* Debug */,
				C7722117C5818BBA606872BA /* Release */,
			);
			defaultConfigurationIsVisible = 0;
			defaultConfigurationName = Debug;
		};
		EBE048412C188E0C02EB3FBB /* Build configuration list for PBXNativeTarget "VelaTests" */ = {
			isa = XCConfigurationList;
			buildConfigurations = (
				33385A60476E304021E1BEE4 /* Debug */,
				C06002D0C3EF0D1741FEDF3F /* Release */,
			);
			defaultConfigurationIsVisible = 0;
			defaultConfigurationName = Debug;
		};
/* End XCConfigurationList section */

/* Begin XCLocalSwiftPackageReference section */
		DE8EB25E13F4A26AE0471F88 /* XCLocalSwiftPackageReference "Packages/VelaCore" */ = {
			isa = XCLocalSwiftPackageReference;
			relativePath = Packages/VelaCore;
		};
/* End XCLocalSwiftPackageReference section */

/* Begin XCRemoteSwiftPackageReference section */
		ACBFEB059A4BEECC7BD8796A /* XCRemoteSwiftPackageReference "MPVKit" */ = {
			isa = XCRemoteSwiftPackageReference;
			repositoryURL = "https://github.com/mpvkit/MPVKit.git";
			requirement = {
				kind = exactVersion;
				version = 1.0.0;
			};
		};
/* End XCRemoteSwiftPackageReference section */

/* Begin XCSwiftPackageProductDependency section */
		14D8ED5208B1E1F021C479CB /* VelaFoundation */ = {
			isa = XCSwiftPackageProductDependency;
			productName = VelaFoundation;
		};
		4E3E98F3E08D62C8955E5978 /* PlaybackDecision */ = {
			isa = XCSwiftPackageProductDependency;
			productName = PlaybackDecision;
		};
		7253B1768A99EB3EF57EFDED /* JellyfinKit */ = {
			isa = XCSwiftPackageProductDependency;
			productName = JellyfinKit;
		};
		84144A16FC110C7C90AEBFA5 /* VelaFoundation */ = {
			isa = XCSwiftPackageProductDependency;
			productName = VelaFoundation;
		};
		9468506F9B50759B0ED1D232 /* MPVKit */ = {
			isa = XCSwiftPackageProductDependency;
			package = ACBFEB059A4BEECC7BD8796A /* XCRemoteSwiftPackageReference "MPVKit" */;
			productName = MPVKit;
		};
		B294A7046D740C1969423E8F /* JellyfinKit */ = {
			isa = XCSwiftPackageProductDependency;
			productName = JellyfinKit;
		};
		BE3F2AEE1025ED8EDEBD522B /* PlaybackDecision */ = {
			isa = XCSwiftPackageProductDependency;
			productName = PlaybackDecision;
		};
/* End XCSwiftPackageProductDependency section */
	};
	rootObject = 7FD476A6B78E6892F5E407ED /* Project object */;
}
